{
  "version": "2",
  "remote": {
    "https://deno.land/std@0.158.0/fmt/colors.ts": "ff7dc9c9f33a72bd48bc24b21bbc1b4545d8494a431f17894dbc5fe92a938fc4",
    "https://deno.land/std@0.158.0/testing/_diff.ts": "a23e7fc2b4d8daa3e158fa06856bedf5334ce2a2831e8bf9e509717f455adb2c",
    "https://deno.land/std@0.158.0/testing/_format.ts": "cd11136e1797791045e639e9f0f4640d5b4166148796cad37e6ef75f7d7f3832",
    "https://deno.land/std@0.158.0/testing/asserts.ts": "8696c488bc98d8d175e74dc652a0ffbc7fca93858da01edc57ed33c1148345da",
    "https://deno.land/std@0.163.0/testing/_test_suite.ts": "2d07073d5460a4e3ec50c55ae822cd9bd136926d7363091379947fef9c73c3e4",
    "https://deno.land/std@0.163.0/testing/bdd.ts": "35060cefd9cc21b414f4d89453b3551a3d52ec50aeff25db432503c5485b2f72",
    "https://deno.land/std@0.191.0/_util/asserts.ts": "178dfc49a464aee693a7e285567b3d0b555dc805ff490505a8aae34f9cfb1462",
    "https://deno.land/std@0.191.0/_util/os.ts": "d932f56d41e4f6a6093d56044e29ce637f8dcc43c5a90af43504a889cf1775e3",
    "https://deno.land/std@0.191.0/path/_constants.ts": "e49961f6f4f48039c0dfed3c3f93e963ca3d92791c9d478ac5b43183413136e0",
    "https://deno.land/std@0.191.0/path/_interface.ts": "6471159dfbbc357e03882c2266d21ef9afdb1e4aa771b0545e90db58a0ba314b",
    "https://deno.land/std@0.191.0/path/_util.ts": "d7abb1e0dea065f427b89156e28cdeb32b045870acdf865833ba808a73b576d0",
    "https://deno.land/std@0.191.0/path/common.ts": "ee7505ab01fd22de3963b64e46cff31f40de34f9f8de1fff6a1bd2fe79380000",
    "https://deno.land/std@0.191.0/path/glob.ts": "d479e0a695621c94d3fd7fe7abd4f9499caf32a8de13f25073451c6ef420a4e1",
    "https://deno.land/std@0.191.0/path/mod.ts": "f065032a7189404fdac3ad1a1551a9ac84751d2f25c431e101787846c86c79ef",
    "https://deno.land/std@0.191.0/path/posix.ts": "8b7c67ac338714b30c816079303d0285dd24af6b284f7ad63da5b27372a2c94d",
    "https://deno.land/std@0.191.0/path/separator.ts": "0fb679739d0d1d7bf45b68dacfb4ec7563597a902edbaf3c59b50d5bcadd93b1",
    "https://deno.land/std@0.191.0/path/win32.ts": "d186344e5583bcbf8b18af416d13d82b35a317116e6460a5a3953508c3de5bba",
    "https://deno.land/std@0.97.0/fmt/colors.ts": "db22b314a2ae9430ae7460ce005e0a7130e23ae1c999157e3bb77cf55800f7e4",
    "https://deno.land/std@0.97.0/testing/_diff.ts": "961eaf6d9f5b0a8556c9d835bbc6fa74f5addd7d3b02728ba7936ff93364f7a3",
    "https://deno.land/std@0.97.0/testing/asserts.ts": "341292d12eebc44be4c3c2ca101ba8b6b5859cef2fa69d50c217f9d0bfbcfd1f",
    "https://deno.land/x/continuation@0.1.5/mod.ts": "690def2735046367b3e1b4bc6e51b5912f2ed09c41c7df7a55c060f23720ad33",
    "https://deno.land/x/deno_doc@0.62.0/deno_doc.generated.js": "19e03c40e8f357e77f20ce9ba17728378b91333209eb7e964ba6128106c934ca",
    "https://deno.land/x/deno_doc@0.62.0/mod.ts": "f0a19c9a20d31955a207913466e13b19bfac1a2529f3bb7c7dafc0d0e0563a9f",
    "https://deno.land/x/deno_doc@0.62.0/types.d.ts": "0acee1349c684902f1a282e69a7de891ad2ecf21038cdd812a0f7603871d3ecc",
    "https://deno.land/x/deno_graph@0.46.0/deno_graph_wasm.generated.js": "f74c4164e05bccb3437dcaae1206a500c99f1a862c0ad4f40b473cac83a4f01d",
    "https://deno.land/x/deno_graph@0.46.0/loader.ts": "a2e757383908f4a51659fe1b1203386887ebb17756bac930a64856d613d8d57d",
    "https://deno.land/x/deno_graph@0.46.0/media_type.ts": "a89a1b38d07c160e896de9ceb99285ba8391940140558304171066b5c3ef7609",
    "https://deno.land/x/deno_graph@0.46.0/mod.ts": "47b5e8560f3e66468194742239fc76cf587d611dd43c1913eeebb9b1d94fc39f",
    "https://deno.land/x/deno_graph@0.46.0/types.d.ts": "8f4101e79df43b526cd8d6528fb0ce1d2e719576bcb69640f92bf4f5af977fd7",
    "https://deno.land/x/expect@v0.3.0/expect.ts": "5e6717eddc9df376f7b2c9be6403e016130bb2edbb1acd261a2d6ea9608ee196",
    "https://deno.land/x/expect@v0.3.0/matchers.ts": "a37ef4577739247af77a852cdcd69484f999a41ad86ec16bb63a88a7a47a2372",
    "https://deno.land/x/expect@v0.3.0/mock.ts": "562d4b1d735d15b0b8e935f342679096b64fe452f86e96714fe8616c0c884914",
    "https://deno.land/x/expect@v0.3.0/mod.ts": "0304d2430e1e96ba669a8495e24ba606dcc3d152e1f81aaa8da898cea24e36c2",
    "https://esm.sh/ts-expect@1.3.0?pin=v123": "9e997d90a0091fefc360241040ce6b29d8e571d1b7a855b14c411ab9b62b87e8",
    "https://esm.sh/v123/ts-expect@1.3.0/deno/ts-expect.mjs": "c7b69ca5c89607901c927026c39c44c322733cf2081ab44cc3b46a75edb7d43a",
    "https://esm.sh/v123/ts-expect@1.3.0/dist/index.d.ts": "d3b5df65f830ba8273665821d1f59946cd92acef455339a0ab53f5fd4c36d09e"
  }
}
