{
  "version": "2",
  "remote": {
    "https://deno.land/std@0.158.0/fmt/colors.ts": "ff7dc9c9f33a72bd48bc24b21bbc1b4545d8494a431f17894dbc5fe92a938fc4",
    "https://deno.land/std@0.158.0/testing/_diff.ts": "a23e7fc2b4d8daa3e158fa06856bedf5334ce2a2831e8bf9e509717f455adb2c",
    "https://deno.land/std@0.158.0/testing/_format.ts": "cd11136e1797791045e639e9f0f4640d5b4166148796cad37e6ef75f7d7f3832",
    "https://deno.land/std@0.158.0/testing/asserts.ts": "8696c488bc98d8d175e74dc652a0ffbc7fca93858da01edc57ed33c1148345da",
    "https://deno.land/std@0.188.0/async/abortable.ts": "fd682fa46f3b7b16b4606a5ab52a7ce309434b76f820d3221bdfb862719a15d7",
    "https://deno.land/std@0.188.0/async/deadline.ts": "58f72a3cc0fcb731b2cc055ba046f4b5be3349ff6bf98f2e793c3b969354aab2",
    "https://deno.land/std@0.188.0/async/debounce.ts": "adab11d04ca38d699444ac8a9d9856b4155e8dda2afd07ce78276c01ea5a4332",
    "https://deno.land/std@0.188.0/async/deferred.ts": "42790112f36a75a57db4a96d33974a936deb7b04d25c6084a9fa8a49f135def8",
    "https://deno.land/std@0.188.0/async/delay.ts": "73aa04cec034c84fc748c7be49bb15cac3dd43a57174bfdb7a4aec22c248f0dd",
    "https://deno.land/std@0.188.0/async/mod.ts": "f04344fa21738e5ad6bea37a6bfffd57c617c2d372bb9f9dcfd118a1b622e576",
    "https://deno.land/std@0.188.0/async/mux_async_iterator.ts": "70c7f2ee4e9466161350473ad61cac0b9f115cff4c552eaa7ef9d50c4cbb4cc9",
    "https://deno.land/std@0.188.0/async/pool.ts": "f1b8d3df4d7fd3c73f8cbc91cc2e8b8e950910f1eab94230b443944d7584c657",
    "https://deno.land/std@0.188.0/async/retry.ts": "dd19d93033d8eaddbfcb7654c0366e9d3b0a21448bdb06eba4a7d8a8cf936a92",
    "https://deno.land/std@0.188.0/async/tee.ts": "47e42d35f622650b02234d43803d0383a89eb4387e1b83b5a40106d18ae36757",
    "https://deno.land/std@0.188.0/http/server.ts": "1b23463b5b36e4eebc495417f6af47a6f7d52e3294827a1226d2a1aab23d9d20",
    "https://deno.land/std@0.190.0/_util/asserts.ts": "178dfc49a464aee693a7e285567b3d0b555dc805ff490505a8aae34f9cfb1462",
    "https://deno.land/std@0.190.0/_util/os.ts": "d932f56d41e4f6a6093d56044e29ce637f8dcc43c5a90af43504a889cf1775e3",
    "https://deno.land/std@0.190.0/async/abortable.ts": "fd682fa46f3b7b16b4606a5ab52a7ce309434b76f820d3221bdfb862719a15d7",
    "https://deno.land/std@0.190.0/async/deadline.ts": "58f72a3cc0fcb731b2cc055ba046f4b5be3349ff6bf98f2e793c3b969354aab2",
    "https://deno.land/std@0.190.0/async/debounce.ts": "adab11d04ca38d699444ac8a9d9856b4155e8dda2afd07ce78276c01ea5a4332",
    "https://deno.land/std@0.190.0/async/deferred.ts": "42790112f36a75a57db4a96d33974a936deb7b04d25c6084a9fa8a49f135def8",
    "https://deno.land/std@0.190.0/async/delay.ts": "73aa04cec034c84fc748c7be49bb15cac3dd43a57174bfdb7a4aec22c248f0dd",
    "https://deno.land/std@0.190.0/async/mod.ts": "f04344fa21738e5ad6bea37a6bfffd57c617c2d372bb9f9dcfd118a1b622e576",
    "https://deno.land/std@0.190.0/async/mux_async_iterator.ts": "70c7f2ee4e9466161350473ad61cac0b9f115cff4c552eaa7ef9d50c4cbb4cc9",
    "https://deno.land/std@0.190.0/async/pool.ts": "f1b8d3df4d7fd3c73f8cbc91cc2e8b8e950910f1eab94230b443944d7584c657",
    "https://deno.land/std@0.190.0/async/retry.ts": "c9248325ec08cc2cceb7618472e77589a51a25cee460e07b6096be34966c2ead",
    "https://deno.land/std@0.190.0/async/tee.ts": "47e42d35f622650b02234d43803d0383a89eb4387e1b83b5a40106d18ae36757",
    "https://deno.land/std@0.190.0/collections/_utils.ts": "5114abc026ddef71207a79609b984614e66a63a4bda17d819d56b0e72c51527e",
    "https://deno.land/std@0.190.0/collections/deep_merge.ts": "5a8ed29030f4471a5272785c57c3455fa79697b9a8f306013a8feae12bafc99a",
    "https://deno.land/std@0.190.0/encoding/base64.ts": "144ae6234c1fbe5b68666c711dc15b1e9ee2aef6d42b3b4345bf9a6c91d70d0d",
    "https://deno.land/std@0.190.0/flags/mod.ts": "17f444ddbee43c5487568de0c6a076c7729cfe90d96d2ffcd2b8f8adadafb6e8",
    "https://deno.land/std@0.190.0/fmt/bytes.ts": "f29cf69e0791d375f9f5d94ae1f0641e5a03b975f32ddf86d70f70fdf37e7b6a",
    "https://deno.land/std@0.190.0/fmt/colors.ts": "d67e3cd9f472535241a8e410d33423980bec45047e343577554d3356e1f0ef4e",
    "https://deno.land/std@0.190.0/http/etag.ts": "6ad8abbbb1045aabf2307959a2c5565054a8bf01c9824ddee836b1ff22706a58",
    "https://deno.land/std@0.190.0/http/file_server.ts": "fd99a7a0e1ac6f80873b1f812aa30ac64f96663971d061ced3a4d10b65048efe",
    "https://deno.land/std@0.190.0/http/http_status.ts": "8a7bcfe3ac025199ad804075385e57f63d055b2aed539d943ccc277616d6f932",
    "https://deno.land/std@0.190.0/http/server.ts": "1b23463b5b36e4eebc495417f6af47a6f7d52e3294827a1226d2a1aab23d9d20",
    "https://deno.land/std@0.190.0/http/util.ts": "57bf151c8d4388bbd56ed01ece1720934252adc6f859f782392927f0f78964c0",
    "https://deno.land/std@0.190.0/media_types/_db.ts": "7606d83e31f23ce1a7968cbaee852810c2cf477903a095696cdc62eaab7ce570",
    "https://deno.land/std@0.190.0/media_types/_util.ts": "916efbd30b6148a716f110e67a4db29d6949bf4048997b754415dd7e42c52378",
    "https://deno.land/std@0.190.0/media_types/content_type.ts": "ad98a5aa2d95f5965b2796072284258710a25e520952376ed432b0937ce743bc",
    "https://deno.land/std@0.190.0/media_types/format_media_type.ts": "f5e1073c05526a6f5a516ac5c5587a1abd043bf1039c71cde1166aa4328c8baf",
    "https://deno.land/std@0.190.0/media_types/get_charset.ts": "18b88274796fda5d353806bf409eb1d2ddb3f004eb4bd311662c4cdd8ac173db",
    "https://deno.land/std@0.190.0/media_types/parse_media_type.ts": "835c4112e1357e95b4f10d7cdea5ae1801967e444f48673ff8f1cb4d32af9920",
    "https://deno.land/std@0.190.0/media_types/type_by_extension.ts": "daa801eb0f11cdf199445d0f1b656cf116d47dcf9e5b85cc1e6b4469f5ee0432",
    "https://deno.land/std@0.190.0/media_types/vendor/mime-db.v1.52.0.ts": "6925bbcae81ca37241e3f55908d0505724358cda3384eaea707773b2c7e99586",
    "https://deno.land/std@0.190.0/path/_constants.ts": "e49961f6f4f48039c0dfed3c3f93e963ca3d92791c9d478ac5b43183413136e0",
    "https://deno.land/std@0.190.0/path/_interface.ts": "6471159dfbbc357e03882c2266d21ef9afdb1e4aa771b0545e90db58a0ba314b",
    "https://deno.land/std@0.190.0/path/_util.ts": "d7abb1e0dea065f427b89156e28cdeb32b045870acdf865833ba808a73b576d0",
    "https://deno.land/std@0.190.0/path/common.ts": "ee7505ab01fd22de3963b64e46cff31f40de34f9f8de1fff6a1bd2fe79380000",
    "https://deno.land/std@0.190.0/path/glob.ts": "d479e0a695621c94d3fd7fe7abd4f9499caf32a8de13f25073451c6ef420a4e1",
    "https://deno.land/std@0.190.0/path/mod.ts": "ee161baec5ded6510ee1d1fb6a75a0f5e4b41f3f3301c92c716ecbdf7dae910d",
    "https://deno.land/std@0.190.0/path/posix.ts": "8b7c67ac338714b30c816079303d0285dd24af6b284f7ad63da5b27372a2c94d",
    "https://deno.land/std@0.190.0/path/separator.ts": "0fb679739d0d1d7bf45b68dacfb4ec7563597a902edbaf3c59b50d5bcadd93b1",
    "https://deno.land/std@0.190.0/path/win32.ts": "d186344e5583bcbf8b18af416d13d82b35a317116e6460a5a3953508c3de5bba",
    "https://deno.land/std@0.190.0/streams/byte_slice_stream.ts": "225d57263a34325d7c96cb3dafeb478eec0e6fd05cd0458d678752eadd132bb4",
    "https://deno.land/std@0.190.0/version.ts": "c3fdbeb886289441c29bb900612bb35815659717391f631be2c14a34fca40c52",
    "https://deno.land/x/continuation@0.1.5/mod.ts": "690def2735046367b3e1b4bc6e51b5912f2ed09c41c7df7a55c060f23720ad33",
    "https://deno.land/x/hastx@v0.0.5/jsx-runtime.ts": "5e1db59ceea4834b8d248a018a5adfc73a09922d8dcdaa3a3bb228c884da0f6c",
    "https://esm.sh/@jsdevtools/rehype-toc@3.0.2": "d8c18ef221925aad9e6f27c5e883c7ade7cf1047ccc331587c05b1ae2f70dc64",
    "https://esm.sh/@mdx-js/mdx@2.3.0": "9a38fa37083abefb14b23929791c43eddf1c4ffd8e28b1add6d3c0386cc71f43",
    "https://esm.sh/@twind/core@1.1.3": "2e254f8a0c8602881e2adc82210de583cee07d32d5e0c8872af8cade67b0411f",
    "https://esm.sh/@twind/preset-tailwind@1.1.4": "6b3ba3cd11d3d2657e9a414a968cfc2345dad14ed1322c2b4ae76fe88d34128c",
    "https://esm.sh/@twind/preset-typography@1.0.7": "1df948b91c33aa3b3d1e5d0517b466119ba1fb7b074df98b3471c8298b20f4ec",
    "https://esm.sh/hast-util-to-html@8.0.4": "080db66ba67e25daf5674554e2059719609df0f32fee8f281b4e71c334dea104",
    "https://esm.sh/rehype-add-classes@1.0.0": "a0d5649ed737e2b628982610210d6aed6069e1fdc4d2fa9df291f5b3db618f76",
    "https://esm.sh/rehype-autolink-headings@6.1.1": "319e6f70533dfb540302a762e0aad0fbd8f05b8c1f2496bdfd5684129e972f22",
    "https://esm.sh/rehype-prism-plus@1.5.1": "fe763a94e45542302660ea559e819b1d7f40d8ee6d5508c4def87972b32b76d2",
    "https://esm.sh/rehype-slug@5.1.0": "d41fa8eeb81d8ce71fb7ff8dc5d657e513b59ebf3e4682a9e5f2c6a9d051a46f",
    "https://esm.sh/remark-frontmatter@4.0.1": "c51bb0658a2c7e360828216e8d9bf2d11e7900c5c8b82923f6ee2e2c8d36ad4e",
    "https://esm.sh/remark-gfm@3.0.1": "3be2769c0031bbc20f0e23c194cff0cb455e35324d858318406c194f5714b6cc",
    "https://esm.sh/remark-mdx-frontmatter@3.0.0": "ea7d9c8053e2c4d5dd2addecbb9cadb841b60fa96836f787f53c9c4e61519834",
    "https://esm.sh/route-recognizer@0.3.4": "982beeac402a2827fd9eca420d553e697c7de93741c887f342e2fc7b56e34afd",
    "https://esm.sh/unified@10.1.2": "26fe846e6e0956339becc0259a5525bb4202c3087fefde4fc28a9de44a079169",
    "https://esm.sh/v129/@jsdevtools/rehype-toc@3.0.2/denonext/rehype-toc.mjs": "f6343b01a974ad811ef114f2394470e64a6a523109a6a5fcfdc93f2fadae87e6",
    "https://esm.sh/v129/@mdx-js/mdx@2.3.0/denonext/mdx.mjs": "4cbd50799098f13269fe3a802e62a3fcd41bb700acf72867e0a5b5c4b3d2ffed",
    "https://esm.sh/v129/@twind/core@1.1.3/denonext/core.mjs": "c2618087a5d5cc406c7dc1079015f4d7cc874bee167f74e9945694896d907b6d",
    "https://esm.sh/v129/@twind/preset-tailwind@1.1.4/denonext/base.js": "473adcdf31b9c9dee0dadba99726534b8d4337498b59d492c6f452a03dea1b35",
    "https://esm.sh/v129/@twind/preset-tailwind@1.1.4/denonext/baseTheme.js": "48ced918d6ee3053d109b85c3c0a986d9514e31e7de92126c2a21265633fdaf8",
    "https://esm.sh/v129/@twind/preset-tailwind@1.1.4/denonext/preflight.js": "82bdb573905e98c549ec8ad8aeefb679cb2a796e56e46c76a947391be5d1f618",
    "https://esm.sh/v129/@twind/preset-tailwind@1.1.4/denonext/preset-tailwind.mjs": "bb95da85101273bd64795f96e41467542279fe99c6f7983f4a2f403bd86815b2",
    "https://esm.sh/v129/@twind/preset-tailwind@1.1.4/denonext/rules.js": "f9d8c4cae0acc2a45938210165b9cc624e2ab3263858e8400067afe5b9e5a853",
    "https://esm.sh/v129/@twind/preset-tailwind@1.1.4/denonext/variants.js": "e9cfc07469326b2a31958e33e9aef99117dc8e4d26d6bf9e346ad34066f36ea6",
    "https://esm.sh/v129/@twind/preset-typography@1.0.7/denonext/preset-typography.mjs": "95d3ff33983bc9732bacf51174ca283c933c55c6f95b790abca4d79464f3b7b4",
    "https://esm.sh/v129/acorn-jsx@5.3.2/denonext/acorn-jsx.mjs": "b729861516d229608dcaf79ab7737b0d3c7266263a7a6b44e662da31c53226d1",
    "https://esm.sh/v129/acorn@8.10.0/denonext/acorn.mjs": "e14fdd9d1767c50f8c9028ff085b2c669e0fbb0710317296a2cbf6094b49680c",
    "https://esm.sh/v129/astring@1.8.6/denonext/astring.mjs": "e851defe7aef30e249bd193857f24ff5b67cfd1f43058d685787efb1088a3c8c",
    "https://esm.sh/v129/bail@2.0.2/denonext/bail.mjs": "cab740cf24417dfad8567cbb78a49ae7e492ecca299f2b3185520805aba4d073",
    "https://esm.sh/v129/boolbase@1.0.0/denonext/boolbase.mjs": "4e3bd67e9b1c5c55094eae98345d0107c6a44ef57bd3d4b9579698fa44722280",
    "https://esm.sh/v129/camelcase@3.0.0/denonext/camelcase.mjs": "cd5851f605e38edcbb85c2de595fc67d351f6f7fe2d34733ba2ff5c3dc83fc80",
    "https://esm.sh/v129/ccount@2.0.1/denonext/ccount.mjs": "7b32092651a866fcc992c028982ce5e911356da7653baa3febb1a8ccb93e30f8",
    "https://esm.sh/v129/character-entities-html4@2.1.0/denonext/character-entities-html4.mjs": "0b4e64d1b0152acbeec6d854eadce6ceb2de05b0f459ad47485afa206f745f10",
    "https://esm.sh/v129/character-entities-legacy@3.0.0/denonext/character-entities-legacy.mjs": "5da76ada1554e4956dc6b702ba92b56a3faf158b24bf45279c522e85f5d9cd21",
    "https://esm.sh/v129/character-entities@2.0.2/denonext/character-entities.mjs": "9e8657f056310ac3ca8058eaf96cef695ee13a4bf6c302674796a882464f305c",
    "https://esm.sh/v129/character-reference-invalid@2.0.1/denonext/character-reference-invalid.mjs": "41034e591247fb2bc6a12dd190e776b84cfe1da74e984fef3efbff2a97814d53",
    "https://esm.sh/v129/comma-separated-tokens@1.0.8/denonext/comma-separated-tokens.mjs": "2c4202edd0bf8f5318cc9fadbba200e99bab6c5f98d6ad95b61934735e347677",
    "https://esm.sh/v129/comma-separated-tokens@2.0.3/denonext/comma-separated-tokens.mjs": "ad5df8a36487e0a63d15bbbb6bab8b153e08583d0d5eb6d0058cd0fc619252e0",
    "https://esm.sh/v129/css-selector-parser@1.4.1/denonext/css-selector-parser.mjs": "d3f94b7b086075d3bef8b4be02eb9515c6b6c68e2495569f5aaeeef4716b9d7d",
    "https://esm.sh/v129/decode-named-character-reference@1.0.2/denonext/decode-named-character-reference.mjs": "666ee772fc3a9fe3dcd9dbe2557e4a5fd50bcdd5f89a221e0342c90cba794cdf",
    "https://esm.sh/v129/escape-string-regexp@5.0.0/denonext/escape-string-regexp.mjs": "6080dd39c43a11f999a41172a27b8c58572d747d8276c039d93d4be8b21747a5",
    "https://esm.sh/v129/estree-util-attach-comments@2.1.1/denonext/estree-util-attach-comments.mjs": "9f2cff60c9b50af23bc0eb417470a87ee0c084869f8cf52517bd8743e2c396b7",
    "https://esm.sh/v129/estree-util-build-jsx@2.2.2/denonext/estree-util-build-jsx.mjs": "d84ab9fe6ef1e0469b8ba406860342859a3754962e3f2a1ed56b63757109f25a",
    "https://esm.sh/v129/estree-util-is-identifier-name@2.1.0/denonext/estree-util-is-identifier-name.mjs": "33d1d44d1ad058dae5d22b2219951e47c1f15ffc2014a3293cd184609d622b7c",
    "https://esm.sh/v129/estree-util-to-js@1.2.0/denonext/estree-util-to-js.mjs": "f49df8d6a541b31a08720bbd52b7b89d8a54d01bf5fed4e3b45c6d5609b041d3",
    "https://esm.sh/v129/estree-util-value-to-estree@3.0.1/denonext/estree-util-value-to-estree.mjs": "1b72aedf448abe8a0923d8de8af4152aa0cf0b79d9b5ebfdea3075f4b559936a",
    "https://esm.sh/v129/estree-util-visit@1.2.1/denonext/estree-util-visit.mjs": "c5d26fc14dd6dce9464e8e1f38ce2fc367372144d3f953d27074de9001a63abf",
    "https://esm.sh/v129/estree-walker@3.0.3/denonext/estree-walker.mjs": "099c406b0a95d6e021b603fd38955620ffe70a69189beb4509a2f06670c30c2f",
    "https://esm.sh/v129/extend@3.0.2/denonext/extend.mjs": "6ab9e4890dfa54ec88fa326fca525c211141d6da72188f54e9610d1281219c9e",
    "https://esm.sh/v129/fault@2.0.1/denonext/fault.mjs": "0cff6ded06bfe7106afbd5db063f449ff56ecef5d91b6b7b90afbf6c2783ff86",
    "https://esm.sh/v129/format@0.2.2/denonext/format.mjs": "4b5f307e1a0dab630893e8f5c91c4b38541d29b640ba6977adfecb2a22d3647d",
    "https://esm.sh/v129/github-slugger@2.0.0/denonext/github-slugger.mjs": "42ff6fe7ba4f63d8a048970e5a32cd5b0348905dde3f9e270d90e44a6e7635ae",
    "https://esm.sh/v129/hast-util-has-property@1.0.4/denonext/hast-util-has-property.mjs": "efcee35095644a51c1fb15288f9504fdf5dc7086eeadfb6b0836a9731a4b8443",
    "https://esm.sh/v129/hast-util-has-property@2.0.1/denonext/hast-util-has-property.mjs": "048e2e7410fe0c94adaf13a23be52cc4d1ded111241c55ea62735161554a6d88",
    "https://esm.sh/v129/hast-util-heading-rank@2.1.1/denonext/hast-util-heading-rank.mjs": "18b7a7528e6f1fe55658f9b04a2a9a5652dfc5adfff9264068aacf63de796e54",
    "https://esm.sh/v129/hast-util-is-element@1.1.0/denonext/hast-util-is-element.mjs": "4f7517c5083b60d606d40589ef2194bb24ddda8c4e05f36b07c43df2778d2801",
    "https://esm.sh/v129/hast-util-is-element@2.1.3/denonext/hast-util-is-element.mjs": "c1c57613a9ccf9f53e518ac56bd5c66f48bd2e9881b1bc6c6b83193f7e93115c",
    "https://esm.sh/v129/hast-util-parse-selector@3.1.1/denonext/hast-util-parse-selector.mjs": "df576c8298a048d9aad89506f5884db91bc249bb6e221b9fd3b228eb40980a62",
    "https://esm.sh/v129/hast-util-select@1.0.1/denonext/hast-util-select.mjs": "68d5620d888f83f70ea588dfc2dc83ead6a121316e3ac4b4bd89ee7f731081a1",
    "https://esm.sh/v129/hast-util-to-estree@2.3.3/denonext/hast-util-to-estree.mjs": "5f59127b7bd4af05eda40bba57b6cec396bf7567f887f65fd4dfee48fd73be3a",
    "https://esm.sh/v129/hast-util-to-html@8.0.4/denonext/hast-util-to-html.mjs": "e3be06893ced217ab39bc2e0eca944c300cb850df4f4fb158247a87173b1d9e3",
    "https://esm.sh/v129/hast-util-to-string@2.0.0/denonext/hast-util-to-string.mjs": "5c8ecf2b2754f8addf28d5e207c37b17972708b0e2a63055452a8c4013911ca1",
    "https://esm.sh/v129/hast-util-whitespace@1.0.4/denonext/hast-util-whitespace.mjs": "db1a4d7910b9afa2e6b779dfbf16fa5a688aad226d640f8bc6fb0368139be5f2",
    "https://esm.sh/v129/hast-util-whitespace@2.0.1/denonext/hast-util-whitespace.mjs": "0d45cf1a1b1d7ba26d5a3f2fda8c929b02ef701786e656ade327d8c3f7b390bb",
    "https://esm.sh/v129/hastscript@7.2.0/denonext/hastscript.mjs": "8998b04df73b0edcefcf44b2676446e7b296525dc2ab26b39d2cdc450c932765",
    "https://esm.sh/v129/html-void-elements@2.0.1/denonext/html-void-elements.mjs": "10f57d4f9d680bf2de32538d6aaf879f20d4ee02dd57879aa232319d6c984f54",
    "https://esm.sh/v129/inline-style-parser@0.1.1/denonext/inline-style-parser.mjs": "dada755a348883a0b1b65f2222b2594be53ceb83c4270c5586298ef1a8de5a30",
    "https://esm.sh/v129/is-alphabetical@2.0.1/denonext/is-alphabetical.mjs": "d0feb3b8b248c1c89544825a12db253946e94532c3ba2df47c5ce9ed06a10242",
    "https://esm.sh/v129/is-alphanumerical@2.0.1/denonext/is-alphanumerical.mjs": "e8a61b05605e3cc5632bbd283d3b813a22ba1d6462589ea5128cea841415b563",
    "https://esm.sh/v129/is-buffer@2.0.5/denonext/is-buffer.mjs": "87d027d2c668d773b7037bd49fc1c12ed6af26b9f176aacf338c7901237b8867",
    "https://esm.sh/v129/is-decimal@2.0.1/denonext/is-decimal.mjs": "d58375f587816fc947898747f8e6986158dec29151c185e7a510641b17668e46",
    "https://esm.sh/v129/is-hexadecimal@2.0.1/denonext/is-hexadecimal.mjs": "7e5d0abd99e5d66839f55c05df59e144465bfa47ce974815557481d53d6fd919",
    "https://esm.sh/v129/is-plain-obj@4.1.0/denonext/is-plain-obj.mjs": "d3d86a7174ad7935de7b00f904b6424c103bce530c502efb7f42114cbb1a555f",
    "https://esm.sh/v129/is-reference@3.0.1/denonext/is-reference.mjs": "e6888bd3f110756efbdf1b678c1b8fcfbff47e06e37c5226550c02fcc6c8793c",
    "https://esm.sh/v129/markdown-extensions@1.1.1/denonext/markdown-extensions.mjs": "243d74e0d6bec93ad267840d6f0352e58c214e1a0dc64b645512a405b1c0f080",
    "https://esm.sh/v129/markdown-table@3.0.3/denonext/markdown-table.mjs": "1dd9cb2d2d95fc440cc10489ac77bf979c944e76070997d962e05f627f45df0e",
    "https://esm.sh/v129/mdast-util-definitions@5.1.2/denonext/mdast-util-definitions.mjs": "10aa268e94384b915708460064703ec701a16b5a6df6d40bf86f03643b2c2f69",
    "https://esm.sh/v129/mdast-util-find-and-replace@2.2.2/denonext/mdast-util-find-and-replace.mjs": "e6b2286a8c47d387dcf556d83dba3a6447030090dab7a7e582df6e82d114e3a7",
    "https://esm.sh/v129/mdast-util-from-markdown@1.3.1/denonext/mdast-util-from-markdown.mjs": "46a00c8bcb9729f8316ed29ad4f26200df81efdff805021e8e41d0cf30a9b285",
    "https://esm.sh/v129/mdast-util-frontmatter@1.0.1/denonext/mdast-util-frontmatter.mjs": "4b4f3bce3c917698f5ec51b1dc8cc68e7b0c759b9c76a0c9ad3ebe43308fc47e",
    "https://esm.sh/v129/mdast-util-gfm-autolink-literal@1.0.3/denonext/mdast-util-gfm-autolink-literal.mjs": "163c6606c5ed39943b3d25de599c1a421c2a005957cafbc3de901865288f53d1",
    "https://esm.sh/v129/mdast-util-gfm-footnote@1.0.2/denonext/mdast-util-gfm-footnote.mjs": "3ba08a3f421745b3129cd41fbc4a20016a69f7016df4ca45ac232b541175ca5e",
    "https://esm.sh/v129/mdast-util-gfm-strikethrough@1.0.3/denonext/mdast-util-gfm-strikethrough.mjs": "293b4cf8aa2714c6abe406873e7896b197f2f0131e9ce0bd7cb636adbdf7519e",
    "https://esm.sh/v129/mdast-util-gfm-table@1.0.7/denonext/mdast-util-gfm-table.mjs": "349bcfa19b3d21d2bb77f4ed8a6ac7a7981c7de68026a6f8a1af4a89d97ae8db",
    "https://esm.sh/v129/mdast-util-gfm-task-list-item@1.0.2/denonext/mdast-util-gfm-task-list-item.mjs": "1c251a829ee1b0c47e8aa6012111fbc7f7f12b2055d461201b0f03b31ed270b4",
    "https://esm.sh/v129/mdast-util-gfm@2.0.2/denonext/mdast-util-gfm.mjs": "3ad726ba6bc696c740619ca8996011873920be6a74919c944e5911a31316e1a0",
    "https://esm.sh/v129/mdast-util-mdx-expression@1.3.2/denonext/mdast-util-mdx-expression.mjs": "bb8dfedfbccf3b19fde48ce4f581f4ded382f11b7a25deb7819a0457e8f1441f",
    "https://esm.sh/v129/mdast-util-mdx-jsx@2.1.4/denonext/mdast-util-mdx-jsx.mjs": "d7f6dd5139057700a5ed160dd3a3a69cf5aae1dfc78bb6c2cb834fce25aa7ebf",
    "https://esm.sh/v129/mdast-util-mdx@2.0.1/denonext/mdast-util-mdx.mjs": "31917104234c84b69acf3416c07189e8cd7159f66700c6ca489c15999c4dcb87",
    "https://esm.sh/v129/mdast-util-mdxjs-esm@1.3.1/denonext/mdast-util-mdxjs-esm.mjs": "515122865f524770f869c12f7c6484e5dddd195dce225002933ca37a4d10e823",
    "https://esm.sh/v129/mdast-util-to-hast@12.3.0/denonext/mdast-util-to-hast.mjs": "5461abbd1ec4ee36e3742fce831591a9def5c171bccac9277ea8400d185c9d8d",
    "https://esm.sh/v129/mdast-util-to-markdown@1.5.0/denonext/lib/handle/inline-code.js": "3422bf53f674376874415f159bf7a07e938c4d0d5b8b7542c98748009075be7d",
    "https://esm.sh/v129/mdast-util-to-markdown@1.5.0/denonext/lib/handle/list-item.js": "3db183cad97c344db70eebf0ea5df747739e022ff4f56b9d4037619f2db09698",
    "https://esm.sh/v129/mdast-util-to-markdown@1.5.0/denonext/lib/util/association.js": "63c68607b50821cc5c499f0e2d2046a717d54bd04f0ac12bb3cce00e40fcf19e",
    "https://esm.sh/v129/mdast-util-to-markdown@1.5.0/denonext/lib/util/container-flow.js": "3735de16d58105c485c3eb304a700407b6108d81812c7623c50803dc68fa9498",
    "https://esm.sh/v129/mdast-util-to-markdown@1.5.0/denonext/lib/util/container-phrasing.js": "d37cbf5f47656c0dca1c974e7438383f1ad0d2f376ec8351d25a89ee46ff050f",
    "https://esm.sh/v129/mdast-util-to-markdown@1.5.0/denonext/lib/util/indent-lines.js": "f0c00ce02a330300bc74968470617e408bcdf48dd85e640e79aab57ed443bf4f",
    "https://esm.sh/v129/mdast-util-to-markdown@1.5.0/denonext/lib/util/safe.js": "ce43e3a9f314dbf8ac8536857f81ae7ff1a8b15a78caa91a2ca07cb53d4d843b",
    "https://esm.sh/v129/mdast-util-to-markdown@1.5.0/denonext/lib/util/track.js": "a91cdbfc1a4aed4b623ec3a5a553745b55fa8554722304ce31a4b6b98645d33d",
    "https://esm.sh/v129/mdast-util-to-string@3.2.0/denonext/mdast-util-to-string.mjs": "64fef8fd2a9fdb8abcff4ff6c086c273123c0833c13e465d6c9f82332d1e239c",
    "https://esm.sh/v129/micromark-core-commonmark@1.1.0/denonext/micromark-core-commonmark.mjs": "968cdd380f28c71144207f0b4591cdc2f151b873538ddd33170ed8fe3f824746",
    "https://esm.sh/v129/micromark-extension-frontmatter@1.1.1/denonext/matters.js": "7fb7ee395caa4019a431a54852d4dc3312a9287aa593d6076a9757211cde3f51",
    "https://esm.sh/v129/micromark-extension-frontmatter@1.1.1/denonext/micromark-extension-frontmatter.mjs": "63899f217c35aa7110e8da63bbf6c8fc7b0419b943e7587bce9769758198574b",
    "https://esm.sh/v129/micromark-extension-gfm-autolink-literal@1.0.5/denonext/micromark-extension-gfm-autolink-literal.mjs": "63c7c66e78d85eed68e123e3338b2d207c56ab06a59d355318b783315a3f6089",
    "https://esm.sh/v129/micromark-extension-gfm-footnote@1.1.2/denonext/micromark-extension-gfm-footnote.mjs": "947a8f5050c1fa6b87858154a65c25bd02ed06f17bb3eb2e2b7f2c630fa67919",
    "https://esm.sh/v129/micromark-extension-gfm-strikethrough@1.0.7/denonext/micromark-extension-gfm-strikethrough.mjs": "844f3c1a8c60b20f1a013bcf3ffaf2bf8d112b0381b8142f5bdcc92403617eb4",
    "https://esm.sh/v129/micromark-extension-gfm-table@1.0.7/denonext/micromark-extension-gfm-table.mjs": "7ba621683002f19a75890ce4f3af7835057df50e4e06ce57d86b571b93bc7408",
    "https://esm.sh/v129/micromark-extension-gfm-tagfilter@1.0.2/denonext/micromark-extension-gfm-tagfilter.mjs": "b5d2226cdadb016da79889a312bdd56561f7dd8c1a444efe92d79bba635ae119",
    "https://esm.sh/v129/micromark-extension-gfm-task-list-item@1.0.5/denonext/micromark-extension-gfm-task-list-item.mjs": "ae7911400194043f094fca003dd1919391eecf16785cc73b97e6d6a107e2304d",
    "https://esm.sh/v129/micromark-extension-gfm@2.0.3/denonext/micromark-extension-gfm.mjs": "d0cbe3df0b2a21e4e62d1aafb789a2302f95af8ab502e683f3c025182e7ad401",
    "https://esm.sh/v129/micromark-extension-mdx-expression@1.0.8/denonext/micromark-extension-mdx-expression.mjs": "df9638b1111fd1cc9a5a4de7c1d569bbaa7f1fa9249847fb5e47b9b17b9673e4",
    "https://esm.sh/v129/micromark-extension-mdx-jsx@1.0.5/denonext/micromark-extension-mdx-jsx.mjs": "6b8148d057bfdb56fa6b309a5a2706f84525907acfb92c6ac62d08a996049705",
    "https://esm.sh/v129/micromark-extension-mdx-md@1.0.1/denonext/micromark-extension-mdx-md.mjs": "9f87bd90fe2f7c81cb15a06ce5b74d4378da3e333f2ee866fcf63914c52c2341",
    "https://esm.sh/v129/micromark-extension-mdxjs-esm@1.0.5/denonext/micromark-extension-mdxjs-esm.mjs": "507da5e964aedca1748cc5c290608d55ab4169fbb8073fdd448abd04a86d7791",
    "https://esm.sh/v129/micromark-extension-mdxjs@1.0.1/denonext/micromark-extension-mdxjs.mjs": "ce9fe5e55622f17be547131a63c49c97b2c3c61286764985c9efd736ca7342f2",
    "https://esm.sh/v129/micromark-factory-destination@1.1.0/denonext/micromark-factory-destination.mjs": "c6d10fabb51b978b1877d3f64e0266174a22ce199e0082add500f910ff600102",
    "https://esm.sh/v129/micromark-factory-label@1.1.0/denonext/micromark-factory-label.mjs": "3d1f4add6f5b47df7c35bc2c6cf15135918929396cddfbadde5eba0a702c838c",
    "https://esm.sh/v129/micromark-factory-mdx-expression@1.0.9/denonext/micromark-factory-mdx-expression.mjs": "d36d00eb0d9e6f46a2de3dcfe8435140a94de9a89c86c08118bab151874adfcf",
    "https://esm.sh/v129/micromark-factory-space@1.1.0/denonext/micromark-factory-space.mjs": "1157708aec2d2f0b04ab3ca66c40c25a9b171f526f659d1589b787cf67c25b21",
    "https://esm.sh/v129/micromark-factory-title@1.1.0/denonext/micromark-factory-title.mjs": "8ca3786a5100c3f9d76146a0210e717da36d72050febcdfeb35f2463bbd82d87",
    "https://esm.sh/v129/micromark-factory-whitespace@1.1.0/denonext/micromark-factory-whitespace.mjs": "dc666118d3f840da8d32d50691305aaf18d363a64259c069cb187d7925969968",
    "https://esm.sh/v129/micromark-util-character@1.2.0/denonext/micromark-util-character.mjs": "be2f95646c829378e2f33d0e8b03e7e057f2387cd54f9c18c3d48a87fbc909c9",
    "https://esm.sh/v129/micromark-util-chunked@1.1.0/denonext/micromark-util-chunked.mjs": "896f816c52b791283f998076bcea3ff9a4bbd2bf858d96be6079400939ae8c9d",
    "https://esm.sh/v129/micromark-util-classify-character@1.1.0/denonext/micromark-util-classify-character.mjs": "ee042bb6480ad07871e866b2d1a2ca687f043c581d2b7668dbd6b52cebda671f",
    "https://esm.sh/v129/micromark-util-combine-extensions@1.1.0/denonext/micromark-util-combine-extensions.mjs": "c8d6870de9e65913b4af3fecde8081ed3b4e7fd09adfff9da1d31d3a7d579c76",
    "https://esm.sh/v129/micromark-util-decode-numeric-character-reference@1.1.0/denonext/micromark-util-decode-numeric-character-reference.mjs": "d9d2a8fc3648db44a49c0284d088db354b39c5623e1497c4127ad103594a7948",
    "https://esm.sh/v129/micromark-util-decode-string@1.1.0/denonext/micromark-util-decode-string.mjs": "f7c9794c69e884cf06f5ffed1087a028f49ec11558621a15febe32e7d5142041",
    "https://esm.sh/v129/micromark-util-encode@1.1.0/denonext/micromark-util-encode.mjs": "e9c399d8913ebe2b736a8259fb061740fd8ad632e7f933e27fb67f442c7e48e3",
    "https://esm.sh/v129/micromark-util-events-to-acorn@1.2.3/denonext/micromark-util-events-to-acorn.mjs": "0d2128aee6df3c1bd90bce6903d58e0b3a633663b3091a4b0c5d7b3cba576bde",
    "https://esm.sh/v129/micromark-util-html-tag-name@1.2.0/denonext/micromark-util-html-tag-name.mjs": "81ed9b1fe3f6dd5290991b4bf39d034ddfd6cdbb4f5352ab61769e4c2eb3fbd3",
    "https://esm.sh/v129/micromark-util-normalize-identifier@1.1.0/denonext/micromark-util-normalize-identifier.mjs": "27b873a22954a139d8215b722b0a867b4f1f718cd261ea3f884f997a0d3e0e08",
    "https://esm.sh/v129/micromark-util-resolve-all@1.1.0/denonext/micromark-util-resolve-all.mjs": "ee8f55a86b2bfcc1be3d15bbd8b106755a51916ae4c75c962cc044f6b2a22d46",
    "https://esm.sh/v129/micromark-util-sanitize-uri@1.2.0/denonext/micromark-util-sanitize-uri.mjs": "1f39c092ca358f86fd0755db7df43989b17c8551449f8799805d0e5b4786791d",
    "https://esm.sh/v129/micromark-util-subtokenize@1.1.0/denonext/micromark-util-subtokenize.mjs": "4000393ce59a96a74976b2a2a78396c9c4c367505e19dd21bbe058db171251fb",
    "https://esm.sh/v129/micromark@3.2.0/denonext/lib/parse.js": "b42399597697efcbdd6904081c7a98f2c0c8aaecb5db94e3aea5ae829989d17c",
    "https://esm.sh/v129/micromark@3.2.0/denonext/lib/postprocess.js": "3e5eb100315488a1b30a7d840684c43422f7eb9fb5364a5abe09cac12e497041",
    "https://esm.sh/v129/micromark@3.2.0/denonext/lib/preprocess.js": "786db83c43e9d21f14bc37b6c05f061ca4a1db862ffed10c07ca1e6843f73fae",
    "https://esm.sh/v129/not@0.1.0/denonext/not.mjs": "cda2c5f4dab84a4dd1591b118261c7cc1aabbca52de0a1e83cdc877fe2849a04",
    "https://esm.sh/v129/nth-check@1.0.2/denonext/nth-check.mjs": "6ea513052c776a60770e5ecf33257b7cb977705401d8f8d2ae6fbdd501ba7ef6",
    "https://esm.sh/v129/parse-entities@4.0.1/denonext/parse-entities.mjs": "41260358efe590141226ee43e187cb37d8607323651434ba4c7ef6088e62eeac",
    "https://esm.sh/v129/parse-numeric-range@1.3.0/denonext/parse-numeric-range.mjs": "3653264a361cd54f32acf63c3f21f2e171626e13534393574cfb51b7fccfa552",
    "https://esm.sh/v129/periscopic@3.1.0/denonext/periscopic.mjs": "a9387260e9b4aa82330fac7e12a85b1cfa08537f6de51196e8918d81114a2615",
    "https://esm.sh/v129/property-information@3.2.0/denonext/property-information.mjs": "3721665972bc592fa4445bde2b68b31516ddbefcfdfcab9daaba5a3fa22f34ef",
    "https://esm.sh/v129/property-information@6.2.0/denonext/property-information.mjs": "c36042799161605d2ba2af318abf697a41e77e7ef5c80f5740de470db7776b9c",
    "https://esm.sh/v129/refractor@4.8.1/denonext/lib/all.js": "699088652c3386d9d6514f2355da6d59b837763bb9a2db00d32aead16ebebca2",
    "https://esm.sh/v129/refractor@4.8.1/denonext/lib/common.js": "a0462448963824124152a0d2c31573a3aca3c9d322d8ae96d3b577e10179ba4f",
    "https://esm.sh/v129/rehype-add-classes@1.0.0/denonext/rehype-add-classes.mjs": "6cbc86f9f13ce6251c99cfc0246dc3eccb231ec484fd912631f9932a164ee309",
    "https://esm.sh/v129/rehype-autolink-headings@6.1.1/denonext/rehype-autolink-headings.mjs": "4e071b1a96fb6cc99a402728ca37ec60e3931703ab92498aeb969c0b60cf220f",
    "https://esm.sh/v129/rehype-prism-plus@1.5.1/denonext/rehype-prism-plus.mjs": "205f21e5a307ea658e597bab0136e90d8631d049cc7b8ddb13da08004eacbb3b",
    "https://esm.sh/v129/rehype-slug@5.1.0/denonext/rehype-slug.mjs": "5cdf6c777ca260c4a8dd5f1ad4aeecd150d8739a76afa042918e112a9ddfb847",
    "https://esm.sh/v129/remark-frontmatter@4.0.1/denonext/remark-frontmatter.mjs": "ce75cbfd9d400a6dcbaec288d92308d8b2ccc8e388e676a68cf7e56cd51be536",
    "https://esm.sh/v129/remark-gfm@3.0.1/denonext/remark-gfm.mjs": "ac5d2de04d29b7f716a0833f75b138b798766b53756bd3e8b4b62406da973e7a",
    "https://esm.sh/v129/remark-mdx-frontmatter@3.0.0/denonext/remark-mdx-frontmatter.mjs": "af9266f0aabe7923dd106a08495088cef7e825061456ea22153ad2642146a09d",
    "https://esm.sh/v129/remark-mdx@2.3.0/denonext/remark-mdx.mjs": "8d9e323da089e1cc097e2d0391eb8270030cb9c42a597e35cf480170d2fefd27",
    "https://esm.sh/v129/remark-parse@10.0.2/denonext/remark-parse.mjs": "d12fea42b556c8861bbd646bfffcdce5778f4c30a8c23abcd676bcc676076724",
    "https://esm.sh/v129/remark-rehype@10.1.0/denonext/remark-rehype.mjs": "258d2e6e3ffcd138a5882bdc51a29f0c6d5533b52bbc67647f964448823acb91",
    "https://esm.sh/v129/route-recognizer@0.3.4/denonext/route-recognizer.mjs": "d4415e5a497f83961469c77da2f16335b4cff4df362b16e4315bb5ccf2b3b1db",
    "https://esm.sh/v129/space-separated-tokens@1.1.5/denonext/space-separated-tokens.mjs": "c64848aec48a7f9258bf80136cca4021bb3b8e327a8cbd2c688fe1c53792a715",
    "https://esm.sh/v129/space-separated-tokens@2.0.2/denonext/space-separated-tokens.mjs": "f30773a9959cacfe7511c250e5d125a9f88ee00d3aef6e87b4d17fe49806b276",
    "https://esm.sh/v129/stringify-entities@4.0.3/denonext/stringify-entities.mjs": "f6dba9b9b70bfafec7f726d82f8b7fe671e63c6fd10ebf7611cdbc192f5b9558",
    "https://esm.sh/v129/style-to-object@0.4.1/denonext/style-to-object.mjs": "1537198cef964f588d4affb29b18a5c51f775d0e93620a04bd83e86e8973ff77",
    "https://esm.sh/v129/toml@3.0.0/denonext/toml.mjs": "067506d3e46560e450b498b3306c9f0338f05a6b2b8d1e262044ece4aa622a55",
    "https://esm.sh/v129/trim-lines@3.0.1/denonext/trim-lines.mjs": "f01a20253341eb2554f307ab05bc9cd93d6f33bcbb24fde2fc9fcd857564283e",
    "https://esm.sh/v129/trough@2.1.0/denonext/trough.mjs": "d7c1b66bf8739a28bcc6bbf17919f6b54b7b25cceabfb0e694d192232c83f1fd",
    "https://esm.sh/v129/unified@10.1.2/denonext/unified.mjs": "08957d97b38200004ee8ddc3777cdadbe101b21bddaef0b6382137049f9e1b43",
    "https://esm.sh/v129/unist-util-filter@4.0.1/denonext/unist-util-filter.mjs": "3ee98d4a927b35bcc1e7062db96450ec80a2b2aa0c90fdabf3797fa6e6d05ad6",
    "https://esm.sh/v129/unist-util-generated@2.0.1/denonext/unist-util-generated.mjs": "ff9c54405f6aedb39847fd975a3f528129089e74dd61e9408d5b1b09d8a13dc1",
    "https://esm.sh/v129/unist-util-is@5.2.1/denonext/unist-util-is.mjs": "771abea65db57c71e2a3d98200242c362337617e63881fc9954e891dde32277c",
    "https://esm.sh/v129/unist-util-position-from-estree@1.1.2/denonext/unist-util-position-from-estree.mjs": "54ebb3d684a63220a40c5d70066850fafc5ba0c092b9e4c42fc99e4964378632",
    "https://esm.sh/v129/unist-util-position@4.0.4/denonext/unist-util-position.mjs": "be87a00f3663c09267443ef900692719014d966ef84969cb9ad7b9cfc4cd6157",
    "https://esm.sh/v129/unist-util-stringify-position@3.0.3/denonext/unist-util-stringify-position.mjs": "e3b2256d68ec8d5ceeb204afe84492e69182ad264a876309a33def43aa34111d",
    "https://esm.sh/v129/unist-util-visit-parents@5.1.3/denonext/unist-util-visit-parents.mjs": "27c8ec6b5e26c8a87d811eb79028478547bea53327ecf30f31d1e7e3911b0784",
    "https://esm.sh/v129/unist-util-visit@4.1.2/denonext/unist-util-visit.mjs": "b42a79d035f9afff975a0c302185386cfc7dd0f4fc30db055a84a8296bff39ee",
    "https://esm.sh/v129/vfile-message@3.1.4/denonext/vfile-message.mjs": "fdf656e63f610c9d162f07dff50af47bbb83bf12578d98ffedaedb70f2898964",
    "https://esm.sh/v129/vfile@5.3.7/denonext/vfile.mjs": "50cb8e2658ec2cc92dd81cefffed0ba3493ea5cdb1def4242dc0cadb3ce2dd39",
    "https://esm.sh/v129/yaml@2.3.1/denonext/yaml.mjs": "71f677b4bfc69271af9d98db5194e354f9a1863955e208e26d32a9ef78bd89f5",
    "https://esm.sh/v129/zwitch@1.0.5/denonext/zwitch.mjs": "8d3b7211f19102c7ab10947e45f10ac2f1c76177fe1bbf5eafaacdb72a15b94c",
    "https://esm.sh/v129/zwitch@2.0.4/denonext/zwitch.mjs": "c0e8c246a1f38b425335ea78cc366a7801d3ef89701229a35f85a51310e6e49f"
  }
}
